{
  "name": "com.doorbird",
  "version": "3.0.8",
  "lockfileVersion": 1,
  "requires": true,
  "dependencies": {
    "node-fetch": {
      "version": "2.6.1",
      "resolved": "https://registry.npmjs.org/node-fetch/-/node-fetch-2.6.1.tgz",
      "integrity": "sha512-V4aYg89jEoVRxRb2fJdAg8FHvI7cEyYdVAh94HH0UIK8oJxUfkjlDQN9RbMx+bEjP7+ggMiFRprSti032Oipxw=="
    },
    "nodemailer": {
      "version": "6.6.2",
      "resolved": "https://registry.npmjs.org/nodemailer/-/nodemailer-6.6.2.tgz",
      "integrity": "sha512-YSzu7TLbI+bsjCis/TZlAXBoM4y93HhlIgo0P5oiA2ua9Z4k+E2Fod//ybIzdJxOlXGRcHIh/WaeCBehvxZb/Q=="
    }
  }
}
